
Microsoft Visual Studio Solution File, Format Version 11.00
# Visual Studio 2010
Project("{FAE04EC0-301F-11D3-BF4B-00C04F79EFBC}") = "CloudinaryMono", "CloudinaryMono\CloudinaryMono.csproj", "{6D099630-EEB0-430C-B616-786ABD5F2999}"
EndProject
Project("{FAE04EC0-301F-11D3-BF4B-00C04F79EFBC}") = "CloudinaryMono.Tests", "CloudinaryMono.Tests\CloudinaryMono.Tests.csproj", "{F42B868C-6126-46BE-9DB0-546150B42C81}"
EndProject
Project("{FAE04EC0-301F-11D3-BF4B-00C04F79EFBC}") = "CloudinaryMono.IOS", "CloudinaryMono.IOS\CloudinaryMono.IOS.csproj", "{BF1A7A12-91A0-46DE-B448-96C23F11068D}"
EndProject
Project("{FAE04EC0-301F-11D3-BF4B-00C04F79EFBC}") = "CloudinaryMono.IOS.Tests", "CloudinaryMono.IOS.Tests\CloudinaryMono.IOS.Tests.csproj", "{C157E6AF-7760-4B1D-8E4B-00323F1C30ED}"
EndProject
Global
	GlobalSection(SolutionConfigurationPlatforms) = preSolution
		Debug|Any CPU = Debug|Any CPU
		Release|Any CPU = Release|Any CPU
		Debug|iPhoneSimulator = Debug|iPhoneSimulator
		Release|iPhoneSimulator = Release|iPhoneSimulator
		Debug|iPhone = Debug|iPhone
		Release|iPhone = Release|iPhone
		Ad-Hoc|iPhone = Ad-Hoc|iPhone
		AppStore|iPhone = AppStore|iPhone
	EndGlobalSection
	GlobalSection(ProjectConfigurationPlatforms) = postSolution
		{6D099630-EEB0-430C-B616-786ABD5F2999}.Ad-Hoc|iPhone.ActiveCfg = Debug|Any CPU
		{6D099630-EEB0-430C-B616-786ABD5F2999}.Ad-Hoc|iPhone.Build.0 = Debug|Any CPU
		{6D099630-EEB0-430C-B616-786ABD5F2999}.AppStore|iPhone.ActiveCfg = Debug|Any CPU
		{6D099630-EEB0-430C-B616-786ABD5F2999}.AppStore|iPhone.Build.0 = Debug|Any CPU
		{6D099630-EEB0-430C-B616-786ABD5F2999}.Debug|Any CPU.ActiveCfg = Debug|Any CPU
		{6D099630-EEB0-430C-B616-786ABD5F2999}.Debug|Any CPU.Build.0 = Debug|Any CPU
		{6D099630-EEB0-430C-B616-786ABD5F2999}.Debug|iPhone.ActiveCfg = Debug|Any CPU
		{6D099630-EEB0-430C-B616-786ABD5F2999}.Debug|iPhone.Build.0 = Debug|Any CPU
		{6D099630-EEB0-430C-B616-786ABD5F2999}.Debug|iPhoneSimulator.ActiveCfg = Debug|Any CPU
		{6D099630-EEB0-430C-B616-786ABD5F2999}.Debug|iPhoneSimulator.Build.0 = Debug|Any CPU
		{6D099630-EEB0-430C-B616-786ABD5F2999}.Release|Any CPU.ActiveCfg = Release|Any CPU
		{6D099630-EEB0-430C-B616-786ABD5F2999}.Release|Any CPU.Build.0 = Release|Any CPU
		{6D099630-EEB0-430C-B616-786ABD5F2999}.Release|iPhone.ActiveCfg = Release|Any CPU
		{6D099630-EEB0-430C-B616-786ABD5F2999}.Release|iPhone.Build.0 = Release|Any CPU
		{6D099630-EEB0-430C-B616-786ABD5F2999}.Release|iPhoneSimulator.ActiveCfg = Release|Any CPU
		{6D099630-EEB0-430C-B616-786ABD5F2999}.Release|iPhoneSimulator.Build.0 = Release|Any CPU
		{BF1A7A12-91A0-46DE-B448-96C23F11068D}.Ad-Hoc|iPhone.ActiveCfg = Debug|Any CPU
		{BF1A7A12-91A0-46DE-B448-96C23F11068D}.Ad-Hoc|iPhone.Build.0 = Debug|Any CPU
		{BF1A7A12-91A0-46DE-B448-96C23F11068D}.AppStore|iPhone.ActiveCfg = Debug|Any CPU
		{BF1A7A12-91A0-46DE-B448-96C23F11068D}.AppStore|iPhone.Build.0 = Debug|Any CPU
		{BF1A7A12-91A0-46DE-B448-96C23F11068D}.Debug|Any CPU.ActiveCfg = Debug|Any CPU
		{BF1A7A12-91A0-46DE-B448-96C23F11068D}.Debug|Any CPU.Build.0 = Debug|Any CPU
		{BF1A7A12-91A0-46DE-B448-96C23F11068D}.Debug|iPhone.ActiveCfg = Debug|Any CPU
		{BF1A7A12-91A0-46DE-B448-96C23F11068D}.Debug|iPhone.Build.0 = Debug|Any CPU
		{BF1A7A12-91A0-46DE-B448-96C23F11068D}.Debug|iPhoneSimulator.ActiveCfg = Debug|Any CPU
		{BF1A7A12-91A0-46DE-B448-96C23F11068D}.Debug|iPhoneSimulator.Build.0 = Debug|Any CPU
		{BF1A7A12-91A0-46DE-B448-96C23F11068D}.Release|Any CPU.ActiveCfg = Release|Any CPU
		{BF1A7A12-91A0-46DE-B448-96C23F11068D}.Release|Any CPU.Build.0 = Release|Any CPU
		{BF1A7A12-91A0-46DE-B448-96C23F11068D}.Release|iPhone.ActiveCfg = Release|Any CPU
		{BF1A7A12-91A0-46DE-B448-96C23F11068D}.Release|iPhone.Build.0 = Release|Any CPU
		{BF1A7A12-91A0-46DE-B448-96C23F11068D}.Release|iPhoneSimulator.ActiveCfg = Release|Any CPU
		{BF1A7A12-91A0-46DE-B448-96C23F11068D}.Release|iPhoneSimulator.Build.0 = Release|Any CPU
		{C157E6AF-7760-4B1D-8E4B-00323F1C30ED}.Ad-Hoc|iPhone.ActiveCfg = Ad-Hoc|iPhone
		{C157E6AF-7760-4B1D-8E4B-00323F1C30ED}.Ad-Hoc|iPhone.Build.0 = Ad-Hoc|iPhone
		{C157E6AF-7760-4B1D-8E4B-00323F1C30ED}.AppStore|iPhone.ActiveCfg = AppStore|iPhone
		{C157E6AF-7760-4B1D-8E4B-00323F1C30ED}.AppStore|iPhone.Build.0 = AppStore|iPhone
		{C157E6AF-7760-4B1D-8E4B-00323F1C30ED}.Debug|Any CPU.ActiveCfg = Debug|iPhoneSimulator
		{C157E6AF-7760-4B1D-8E4B-00323F1C30ED}.Debug|Any CPU.Build.0 = Debug|iPhoneSimulator
		{C157E6AF-7760-4B1D-8E4B-00323F1C30ED}.Debug|iPhone.ActiveCfg = Debug|iPhone
		{C157E6AF-7760-4B1D-8E4B-00323F1C30ED}.Debug|iPhone.Build.0 = Debug|iPhone
		{C157E6AF-7760-4B1D-8E4B-00323F1C30ED}.Debug|iPhoneSimulator.ActiveCfg = Debug|iPhoneSimulator
		{C157E6AF-7760-4B1D-8E4B-00323F1C30ED}.Debug|iPhoneSimulator.Build.0 = Debug|iPhoneSimulator
		{C157E6AF-7760-4B1D-8E4B-00323F1C30ED}.Release|Any CPU.ActiveCfg = Release|iPhoneSimulator
		{C157E6AF-7760-4B1D-8E4B-00323F1C30ED}.Release|Any CPU.Build.0 = Release|iPhoneSimulator
		{C157E6AF-7760-4B1D-8E4B-00323F1C30ED}.Release|iPhone.ActiveCfg = Release|iPhone
		{C157E6AF-7760-4B1D-8E4B-00323F1C30ED}.Release|iPhone.Build.0 = Release|iPhone
		{C157E6AF-7760-4B1D-8E4B-00323F1C30ED}.Release|iPhoneSimulator.ActiveCfg = Release|iPhoneSimulator
		{C157E6AF-7760-4B1D-8E4B-00323F1C30ED}.Release|iPhoneSimulator.Build.0 = Release|iPhoneSimulator
		{F42B868C-6126-46BE-9DB0-546150B42C81}.Ad-Hoc|iPhone.ActiveCfg = Debug|Any CPU
		{F42B868C-6126-46BE-9DB0-546150B42C81}.Ad-Hoc|iPhone.Build.0 = Debug|Any CPU
		{F42B868C-6126-46BE-9DB0-546150B42C81}.AppStore|iPhone.ActiveCfg = Debug|Any CPU
		{F42B868C-6126-46BE-9DB0-546150B42C81}.AppStore|iPhone.Build.0 = Debug|Any CPU
		{F42B868C-6126-46BE-9DB0-546150B42C81}.Debug|Any CPU.ActiveCfg = Debug|Any CPU
		{F42B868C-6126-46BE-9DB0-546150B42C81}.Debug|Any CPU.Build.0 = Debug|Any CPU
		{F42B868C-6126-46BE-9DB0-546150B42C81}.Debug|iPhone.ActiveCfg = Debug|Any CPU
		{F42B868C-6126-46BE-9DB0-546150B42C81}.Debug|iPhone.Build.0 = Debug|Any CPU
		{F42B868C-6126-46BE-9DB0-546150B42C81}.Debug|iPhoneSimulator.ActiveCfg = Debug|Any CPU
		{F42B868C-6126-46BE-9DB0-546150B42C81}.Debug|iPhoneSimulator.Build.0 = Debug|Any CPU
		{F42B868C-6126-46BE-9DB0-546150B42C81}.Release|Any CPU.ActiveCfg = Release|Any CPU
		{F42B868C-6126-46BE-9DB0-546150B42C81}.Release|Any CPU.Build.0 = Release|Any CPU
		{F42B868C-6126-46BE-9DB0-546150B42C81}.Release|iPhone.ActiveCfg = Release|Any CPU
		{F42B868C-6126-46BE-9DB0-546150B42C81}.Release|iPhone.Build.0 = Release|Any CPU
		{F42B868C-6126-46BE-9DB0-546150B42C81}.Release|iPhoneSimulator.ActiveCfg = Release|Any CPU
		{F42B868C-6126-46BE-9DB0-546150B42C81}.Release|iPhoneSimulator.Build.0 = Release|Any CPU
	EndGlobalSection
	GlobalSection(MonoDevelopProperties) = preSolution
		StartupItem = CloudinaryMono\CloudinaryMono.csproj
	EndGlobalSection
EndGlobal
